// !$*UTF8*$!
{
	archiveVersion = 1;
	classes = {
	};
	objectVersion = 55;
	objects = {

/* Begin PBXBuildFile section */
		3A04C58A27E244C900B3BEE7 /* BundleDecodable.swift in Sources */ = {isa = PBXBuildFile; fileRef = 3A04C58927E244C900B3BEE7 /* BundleDecodable.swift */; };
		3A04C58F27E2503400B3BEE7 /* Episodios.json in Resources */ = {isa = PBXBuildFile; fileRef = 3A04C58E27E2503400B3BEE7 /* Episodios.json */; };
		3A105E2C27E7590700BD8745 /* EpisodioDetalleContract.swift in Sources */ = {isa = PBXBuildFile; fileRef = 3A105E2B27E7590700BD8745 /* EpisodioDetalleContract.swift */; };
		3A105E2E27E7591B00BD8745 /* EpisodioDetalleBuilder.swift in Sources */ = {isa = PBXBuildFile; fileRef = 3A105E2D27E7591B00BD8745 /* EpisodioDetalleBuilder.swift */; };
		3A105E3027E75BD800BD8745 /* EpisodioDetallePresenter.swift in Sources */ = {isa = PBXBuildFile; fileRef = 3A105E2F27E75BD800BD8745 /* EpisodioDetallePresenter.swift */; };
		3A105E3227E75C0F00BD8745 /* EpisodioDetalleInteractor.swift in Sources */ = {isa = PBXBuildFile; fileRef = 3A105E3127E75C0F00BD8745 /* EpisodioDetalleInteractor.swift */; };
		3A5BB7BD27E0FD6D00B101CB /* InitialControllerBuilder.swift in Sources */ = {isa = PBXBuildFile; fileRef = 3A5BB7BC27E0FD6D00B101CB /* InitialControllerBuilder.swift */; };
		3A5BB7BF27E11C8F00B101CB /* ListadoProviderError.swift in Sources */ = {isa = PBXBuildFile; fileRef = 3A5BB7BE27E11C8F00B101CB /* ListadoProviderError.swift */; };
		3A5BB7C127E1459A00B101CB /* ListadoEpisodiosLocalProvider.swift in Sources */ = {isa = PBXBuildFile; fileRef = 3A5BB7C027E1459A00B101CB /* ListadoEpisodiosLocalProvider.swift */; };
		3A5BB7C327E145B200B101CB /* ListadoEpisodiosAlamoFireProvider.swift in Sources */ = {isa = PBXBuildFile; fileRef = 3A5BB7C227E145B200B101CB /* ListadoEpisodiosAlamoFireProvider.swift */; };
		3AF681BA27D7A31E00D482B7 /* AppDelegate.swift in Sources */ = {isa = PBXBuildFile; fileRef = 3AF681B927D7A31E00D482B7 /* AppDelegate.swift */; };
		3AF681BC27D7A31E00D482B7 /* SceneDelegate.swift in Sources */ = {isa = PBXBuildFile; fileRef = 3AF681BB27D7A31E00D482B7 /* SceneDelegate.swift */; };
		3AF681BE27D7A31E00D482B7 /* ViewController.swift in Sources */ = {isa = PBXBuildFile; fileRef = 3AF681BD27D7A31E00D482B7 /* ViewController.swift */; };
		3AF681C127D7A31E00D482B7 /* Main.storyboard in Resources */ = {isa = PBXBuildFile; fileRef = 3AF681BF27D7A31E00D482B7 /* Main.storyboard */; };
		3AF681C427D7A31E00D482B7 /* ProximaParadaSwift.xcdatamodeld in Sources */ = {isa = PBXBuildFile; fileRef = 3AF681C227D7A31E00D482B7 /* ProximaParadaSwift.xcdatamodeld */; };
		3AF681C627D7A32100D482B7 /* Assets.xcassets in Resources */ = {isa = PBXBuildFile; fileRef = 3AF681C527D7A32100D482B7 /* Assets.xcassets */; };
		3AF681C927D7A32100D482B7 /* LaunchScreen.storyboard in Resources */ = {isa = PBXBuildFile; fileRef = 3AF681C727D7A32100D482B7 /* LaunchScreen.storyboard */; };
		3AF681D327D7A36400D482B7 /* ListadoEpisodiosViewController.storyboard in Resources */ = {isa = PBXBuildFile; fileRef = 3AF681D227D7A36400D482B7 /* ListadoEpisodiosViewController.storyboard */; };
		3AF681D527D7A37700D482B7 /* ListadoEpisodiosViewController.swift in Sources */ = {isa = PBXBuildFile; fileRef = 3AF681D427D7A37700D482B7 /* ListadoEpisodiosViewController.swift */; };
		3AF681D727D7A39500D482B7 /* ListadoEpisodiosBuilder.swift in Sources */ = {isa = PBXBuildFile; fileRef = 3AF681D627D7A39500D482B7 /* ListadoEpisodiosBuilder.swift */; };
		3AF681DC27D7A3B300D482B7 /* ListadoEpisodiosInteractor.swift in Sources */ = {isa = PBXBuildFile; fileRef = 3AF681DB27D7A3B300D482B7 /* ListadoEpisodiosInteractor.swift */; };
		3AF681DE27D7A3CC00D482B7 /* ListadoEpisodiosPresenter.swift in Sources */ = {isa = PBXBuildFile; fileRef = 3AF681DD27D7A3CC00D482B7 /* ListadoEpisodiosPresenter.swift */; };
		3AF681E027D7A40B00D482B7 /* ListadoEpisodiosContract.swift in Sources */ = {isa = PBXBuildFile; fileRef = 3AF681DF27D7A40B00D482B7 /* ListadoEpisodiosContract.swift */; };
		3AF681E227D7A99400D482B7 /* ListadoEpisodiosURLSessionProvider.swift in Sources */ = {isa = PBXBuildFile; fileRef = 3AF681E127D7A99400D482B7 /* ListadoEpisodiosURLSessionProvider.swift */; };
		3AF681E527D7AB9C00D482B7 /* PostTitle.swift in Sources */ = {isa = PBXBuildFile; fileRef = 3AF681E427D7AB9C00D482B7 /* PostTitle.swift */; };
		3AFC2FE027DFABB300FE1582 /* ListadoEpisodiosCellViewModel.swift in Sources */ = {isa = PBXBuildFile; fileRef = 3AFC2FDF27DFABB300FE1582 /* ListadoEpisodiosCellViewModel.swift */; };
		3AFC2FE227DFAC6800FE1582 /* ListadoEpisodiosWireframe.swift in Sources */ = {isa = PBXBuildFile; fileRef = 3AFC2FE127DFAC6800FE1582 /* ListadoEpisodiosWireframe.swift */; };
		3AFC2FE527DFAD4700FE1582 /* EpisodiosDetalleControllerBuilder.swift in Sources */ = {isa = PBXBuildFile; fileRef = 3AFC2FE427DFAD4700FE1582 /* EpisodiosDetalleControllerBuilder.swift */; };
		3AFC2FE727DFAD8D00FE1582 /* EpisodioViewModel.swift in Sources */ = {isa = PBXBuildFile; fileRef = 3AFC2FE627DFAD8D00FE1582 /* EpisodioViewModel.swift */; };
		3AFC2FEB27DFAE6300FE1582 /* EpisodioDetalleViewController.storyboard in Resources */ = {isa = PBXBuildFile; fileRef = 3AFC2FEA27DFAE6300FE1582 /* EpisodioDetalleViewController.storyboard */; };
		3AFC2FED27DFAE8D00FE1582 /* EpisodioDetalleViewController.swift in Sources */ = {isa = PBXBuildFile; fileRef = 3AFC2FEC27DFAE8D00FE1582 /* EpisodioDetalleViewController.swift */; };
		3AFC2FEF27DFB10100FE1582 /* Episodio.swift in Sources */ = {isa = PBXBuildFile; fileRef = 3AFC2FEE27DFB10100FE1582 /* Episodio.swift */; };
		3AFC2FF127DFB9C300FE1582 /* ListadoEpisodiosViewCell.swift in Sources */ = {isa = PBXBuildFile; fileRef = 3AFC2FF027DFB9C300FE1582 /* ListadoEpisodiosViewCell.swift */; };
/* End PBXBuildFile section */

/* Begin PBXFileReference section */
		3A04C58927E244C900B3BEE7 /* BundleDecodable.swift */ = {isa = PBXFileReference; lastKnownFileType = sourcecode.swift; path = BundleDecodable.swift; sourceTree = "<group>"; };
		3A04C58E27E2503400B3BEE7 /* Episodios.json */ = {isa = PBXFileReference; fileEncoding = 4; lastKnownFileType = text.json; path = Episodios.json; sourceTree = "<group>"; };
		3A105E2B27E7590700BD8745 /* EpisodioDetalleContract.swift */ = {isa = PBXFileReference; lastKnownFileType = sourcecode.swift; path = EpisodioDetalleContract.swift; sourceTree = "<group>"; };
		3A105E2D27E7591B00BD8745 /* EpisodioDetalleBuilder.swift */ = {isa = PBXFileReference; lastKnownFileType = sourcecode.swift; path = EpisodioDetalleBuilder.swift; sourceTree = "<group>"; };
		3A105E2F27E75BD800BD8745 /* EpisodioDetallePresenter.swift */ = {isa = PBXFileReference; lastKnownFileType = sourcecode.swift; path = EpisodioDetallePresenter.swift; sourceTree = "<group>"; };
		3A105E3127E75C0F00BD8745 /* EpisodioDetalleInteractor.swift */ = {isa = PBXFileReference; lastKnownFileType = sourcecode.swift; path = EpisodioDetalleInteractor.swift; sourceTree = "<group>"; };
		3A5BB7BC27E0FD6D00B101CB /* InitialControllerBuilder.swift */ = {isa = PBXFileReference; lastKnownFileType = sourcecode.swift; path = InitialControllerBuilder.swift; sourceTree = "<group>"; };
		3A5BB7BE27E11C8F00B101CB /* ListadoProviderError.swift */ = {isa = PBXFileReference; lastKnownFileType = sourcecode.swift; path = ListadoProviderError.swift; sourceTree = "<group>"; };
		3A5BB7C027E1459A00B101CB /* ListadoEpisodiosLocalProvider.swift */ = {isa = PBXFileReference; lastKnownFileType = sourcecode.swift; path = ListadoEpisodiosLocalProvider.swift; sourceTree = "<group>"; };
		3A5BB7C227E145B200B101CB /* ListadoEpisodiosAlamoFireProvider.swift */ = {isa = PBXFileReference; lastKnownFileType = sourcecode.swift; path = ListadoEpisodiosAlamoFireProvider.swift; sourceTree = "<group>"; };
		3AF681B627D7A31E00D482B7 /* ProximaParadaSwift.app */ = {isa = PBXFileReference; explicitFileType = wrapper.application; includeInIndex = 0; path = ProximaParadaSwift.app; sourceTree = BUILT_PRODUCTS_DIR; };
		3AF681B927D7A31E00D482B7 /* AppDelegate.swift */ = {isa = PBXFileReference; lastKnownFileType = sourcecode.swift; path = AppDelegate.swift; sourceTree = "<group>"; };
		3AF681BB27D7A31E00D482B7 /* SceneDelegate.swift */ = {isa = PBXFileReference; lastKnownFileType = sourcecode.swift; path = SceneDelegate.swift; sourceTree = "<group>"; };
		3AF681BD27D7A31E00D482B7 /* ViewController.swift */ = {isa = PBXFileReference; lastKnownFileType = sourcecode.swift; path = ViewController.swift; sourceTree = "<group>"; };
		3AF681C027D7A31E00D482B7 /* Base */ = {isa = PBXFileReference; lastKnownFileType = file.storyboard; name = Base; path = Base.lproj/Main.storyboard; sourceTree = "<group>"; };
		3AF681C327D7A31E00D482B7 /* ProximaParadaSwift.xcdatamodel */ = {isa = PBXFileReference; lastKnownFileType = wrapper.xcdatamodel; path = ProximaParadaSwift.xcdatamodel; sourceTree = "<group>"; };
		3AF681C527D7A32100D482B7 /* Assets.xcassets */ = {isa = PBXFileReference; lastKnownFileType = folder.assetcatalog; path = Assets.xcassets; sourceTree = "<group>"; };
		3AF681C827D7A32100D482B7 /* Base */ = {isa = PBXFileReference; lastKnownFileType = file.storyboard; name = Base; path = Base.lproj/LaunchScreen.storyboard; sourceTree = "<group>"; };
		3AF681CA27D7A32100D482B7 /* Info.plist */ = {isa = PBXFileReference; lastKnownFileType = text.plist.xml; path = Info.plist; sourceTree = "<group>"; };
		3AF681D227D7A36400D482B7 /* ListadoEpisodiosViewController.storyboard */ = {isa = PBXFileReference; lastKnownFileType = file.storyboard; path = ListadoEpisodiosViewController.storyboard; sourceTree = "<group>"; };
		3AF681D427D7A37700D482B7 /* ListadoEpisodiosViewController.swift */ = {isa = PBXFileReference; lastKnownFileType = sourcecode.swift; path = ListadoEpisodiosViewController.swift; sourceTree = "<group>"; };
		3AF681D627D7A39500D482B7 /* ListadoEpisodiosBuilder.swift */ = {isa = PBXFileReference; lastKnownFileType = sourcecode.swift; path = ListadoEpisodiosBuilder.swift; sourceTree = "<group>"; };
		3AF681DB27D7A3B300D482B7 /* ListadoEpisodiosInteractor.swift */ = {isa = PBXFileReference; lastKnownFileType = sourcecode.swift; path = ListadoEpisodiosInteractor.swift; sourceTree = "<group>"; };
		3AF681DD27D7A3CC00D482B7 /* ListadoEpisodiosPresenter.swift */ = {isa = PBXFileReference; lastKnownFileType = sourcecode.swift; path = ListadoEpisodiosPresenter.swift; sourceTree = "<group>"; };
		3AF681DF27D7A40B00D482B7 /* ListadoEpisodiosContract.swift */ = {isa = PBXFileReference; lastKnownFileType = sourcecode.swift; path = ListadoEpisodiosContract.swift; sourceTree = "<group>"; };
		3AF681E127D7A99400D482B7 /* ListadoEpisodiosURLSessionProvider.swift */ = {isa = PBXFileReference; lastKnownFileType = sourcecode.swift; path = ListadoEpisodiosURLSessionProvider.swift; sourceTree = "<group>"; };
		3AF681E427D7AB9C00D482B7 /* PostTitle.swift */ = {isa = PBXFileReference; lastKnownFileType = sourcecode.swift; path = PostTitle.swift; sourceTree = "<group>"; };
		3AFC2FDF27DFABB300FE1582 /* ListadoEpisodiosCellViewModel.swift */ = {isa = PBXFileReference; lastKnownFileType = sourcecode.swift; path = ListadoEpisodiosCellViewModel.swift; sourceTree = "<group>"; };
		3AFC2FE127DFAC6800FE1582 /* ListadoEpisodiosWireframe.swift */ = {isa = PBXFileReference; lastKnownFileType = sourcecode.swift; path = ListadoEpisodiosWireframe.swift; sourceTree = "<group>"; };
		3AFC2FE427DFAD4700FE1582 /* EpisodiosDetalleControllerBuilder.swift */ = {isa = PBXFileReference; lastKnownFileType = sourcecode.swift; path = EpisodiosDetalleControllerBuilder.swift; sourceTree = "<group>"; };
		3AFC2FE627DFAD8D00FE1582 /* EpisodioViewModel.swift */ = {isa = PBXFileReference; lastKnownFileType = sourcecode.swift; path = EpisodioViewModel.swift; sourceTree = "<group>"; };
		3AFC2FEA27DFAE6300FE1582 /* EpisodioDetalleViewController.storyboard */ = {isa = PBXFileReference; lastKnownFileType = file.storyboard; path = EpisodioDetalleViewController.storyboard; sourceTree = "<group>"; };
		3AFC2FEC27DFAE8D00FE1582 /* EpisodioDetalleViewController.swift */ = {isa = PBXFileReference; lastKnownFileType = sourcecode.swift; path = EpisodioDetalleViewController.swift; sourceTree = "<group>"; };
		3AFC2FEE27DFB10100FE1582 /* Episodio.swift */ = {isa = PBXFileReference; lastKnownFileType = sourcecode.swift; path = Episodio.swift; sourceTree = "<group>"; };
		3AFC2FF027DFB9C300FE1582 /* ListadoEpisodiosViewCell.swift */ = {isa = PBXFileReference; lastKnownFileType = sourcecode.swift; path = ListadoEpisodiosViewCell.swift; sourceTree = "<group>"; };
/* End PBXFileReference section */

/* Begin PBXFrameworksBuildPhase section */
		3AF681B327D7A31E00D482B7 /* Frameworks */ = {
			isa = PBXFrameworksBuildPhase;
			buildActionMask = 2147483647;
			files = (
			);
			runOnlyForDeploymentPostprocessing = 0;
		};
/* End PBXFrameworksBuildPhase section */

/* Begin PBXGroup section */
		3A04C58827E244B300B3BEE7 /* Extensions */ = {
			isa = PBXGroup;
			children = (
				3A04C58927E244C900B3BEE7 /* BundleDecodable.swift */,
			);
			path = Extensions;
			sourceTree = "<group>";
		};
		3A5BB7C427E145E300B101CB /* Assets */ = {
			isa = PBXGroup;
			children = (
				3AF681C527D7A32100D482B7 /* Assets.xcassets */,
				3A04C58E27E2503400B3BEE7 /* Episodios.json */,
			);
			path = Assets;
			sourceTree = "<group>";
		};
		3AF681AD27D7A31E00D482B7 = {
			isa = PBXGroup;
			children = (
				3AF681B827D7A31E00D482B7 /* ProximaParadaSwift */,
				3AF681B727D7A31E00D482B7 /* Products */,
			);
			sourceTree = "<group>";
		};
		3AF681B727D7A31E00D482B7 /* Products */ = {
			isa = PBXGroup;
			children = (
				3AF681B627D7A31E00D482B7 /* ProximaParadaSwift.app */,
			);
			name = Products;
			sourceTree = "<group>";
		};
		3AF681B827D7A31E00D482B7 /* ProximaParadaSwift */ = {
			isa = PBXGroup;
			children = (
				3A04C58827E244B300B3BEE7 /* Extensions */,
				3AF681D027D7A33C00D482B7 /* Episodios */,
				3AFC2FE327DFAD2600FE1582 /* EpisodiosDetalle */,
				3AF681E327D7AB4200D482B7 /* Models */,
				3A5BB7BC27E0FD6D00B101CB /* InitialControllerBuilder.swift */,
				3AF681B927D7A31E00D482B7 /* AppDelegate.swift */,
				3AF681BB27D7A31E00D482B7 /* SceneDelegate.swift */,
				3AF681BD27D7A31E00D482B7 /* ViewController.swift */,
				3AF681BF27D7A31E00D482B7 /* Main.storyboard */,
				3A5BB7C427E145E300B101CB /* Assets */,
				3AF681C727D7A32100D482B7 /* LaunchScreen.storyboard */,
				3AF681CA27D7A32100D482B7 /* Info.plist */,
				3AF681C227D7A31E00D482B7 /* ProximaParadaSwift.xcdatamodeld */,
			);
			path = ProximaParadaSwift;
			sourceTree = "<group>";
		};
		3AF681D027D7A33C00D482B7 /* Episodios */ = {
			isa = PBXGroup;
			children = (
				3AF681DF27D7A40B00D482B7 /* ListadoEpisodiosContract.swift */,
				3AF681D627D7A39500D482B7 /* ListadoEpisodiosBuilder.swift */,
				3AF681D227D7A36400D482B7 /* ListadoEpisodiosViewController.storyboard */,
				3AF681D427D7A37700D482B7 /* ListadoEpisodiosViewController.swift */,
				3AFC2FF027DFB9C300FE1582 /* ListadoEpisodiosViewCell.swift */,
				3AF681DD27D7A3CC00D482B7 /* ListadoEpisodiosPresenter.swift */,
				3AF681DB27D7A3B300D482B7 /* ListadoEpisodiosInteractor.swift */,
				3AFC2FE127DFAC6800FE1582 /* ListadoEpisodiosWireframe.swift */,
				3AF681D827D7A39B00D482B7 /* Providers */,
			);
			path = Episodios;
			sourceTree = "<group>";
		};
		3AF681D827D7A39B00D482B7 /* Providers */ = {
			isa = PBXGroup;
			children = (
				3A5BB7BE27E11C8F00B101CB /* ListadoProviderError.swift */,
				3AF681E127D7A99400D482B7 /* ListadoEpisodiosURLSessionProvider.swift */,
				3A5BB7C027E1459A00B101CB /* ListadoEpisodiosLocalProvider.swift */,
				3A5BB7C227E145B200B101CB /* ListadoEpisodiosAlamoFireProvider.swift */,
			);
			path = Providers;
			sourceTree = "<group>";
		};
		3AF681E327D7AB4200D482B7 /* Models */ = {
			isa = PBXGroup;
			children = (
				3AF681E427D7AB9C00D482B7 /* PostTitle.swift */,
				3AFC2FEE27DFB10100FE1582 /* Episodio.swift */,
				3AFC2FDF27DFABB300FE1582 /* ListadoEpisodiosCellViewModel.swift */,
				3AFC2FE627DFAD8D00FE1582 /* EpisodioViewModel.swift */,
			);
			path = Models;
			sourceTree = "<group>";
		};
		3AFC2FE327DFAD2600FE1582 /* EpisodiosDetalle */ = {
			isa = PBXGroup;
			children = (
				3A105E2B27E7590700BD8745 /* EpisodioDetalleContract.swift */,
				3A105E2D27E7591B00BD8745 /* EpisodioDetalleBuilder.swift */,
				3AFC2FE427DFAD4700FE1582 /* EpisodiosDetalleControllerBuilder.swift */,
				3AFC2FEA27DFAE6300FE1582 /* EpisodioDetalleViewController.storyboard */,
				3AFC2FEC27DFAE8D00FE1582 /* EpisodioDetalleViewController.swift */,
				3A105E2F27E75BD800BD8745 /* EpisodioDetallePresenter.swift */,
				3A105E3127E75C0F00BD8745 /* EpisodioDetalleInteractor.swift */,
			);
			path = EpisodiosDetalle;
			sourceTree = "<group>";
		};
/* End PBXGroup section */

/* Begin PBXNativeTarget section */
		3AF681B527D7A31E00D482B7 /* ProximaParadaSwift */ = {
			isa = PBXNativeTarget;
			buildConfigurationList = 3AF681CD27D7A32100D482B7 /* Build configuration list for PBXNativeTarget "ProximaParadaSwift" */;
			buildPhases = (
				3AF681B227D7A31E00D482B7 /* Sources */,
				3AF681B327D7A31E00D482B7 /* Frameworks */,
				3AF681B427D7A31E00D482B7 /* Resources */,
			);
			buildRules = (
			);
			dependencies = (
			);
			name = ProximaParadaSwift;
			productName = ProximaParadaSwift;
			productReference = 3AF681B627D7A31E00D482B7 /* ProximaParadaSwift.app */;
			productType = "com.apple.product-type.application";
		};
/* End PBXNativeTarget section */

/* Begin PBXProject section */
		3AF681AE27D7A31E00D482B7 /* Project object */ = {
			isa = PBXProject;
			attributes = {
				BuildIndependentTargetsInParallel = 1;
				LastSwiftUpdateCheck = 1320;
				LastUpgradeCheck = 1320;
				TargetAttributes = {
					3AF681B527D7A31E00D482B7 = {
						CreatedOnToolsVersion = 13.2.1;
					};
				};
			};
			buildConfigurationList = 3AF681B127D7A31E00D482B7 /* Build configuration list for PBXProject "ProximaParadaSwift" */;
			compatibilityVersion = "Xcode 13.0";
			developmentRegion = en;
			hasScannedForEncodings = 0;
			knownRegions = (
				en,
				Base,
			);
			mainGroup = 3AF681AD27D7A31E00D482B7;
			productRefGroup = 3AF681B727D7A31E00D482B7 /* Products */;
			projectDirPath = "";
			projectRoot = "";
			targets = (
				3AF681B527D7A31E00D482B7 /* ProximaParadaSwift */,
			);
		};
/* End PBXProject section */

/* Begin PBXResourcesBuildPhase section */
		3AF681B427D7A31E00D482B7 /* Resources */ = {
			isa = PBXResourcesBuildPhase;
			buildActionMask = 2147483647;
			files = (
				3AF681C927D7A32100D482B7 /* LaunchScreen.storyboard in Resources */,
				3AF681D327D7A36400D482B7 /* ListadoEpisodiosViewController.storyboard in Resources */,
				3A04C58F27E2503400B3BEE7 /* Episodios.json in Resources */,
				3AFC2FEB27DFAE6300FE1582 /* EpisodioDetalleViewController.storyboard in Resources */,
				3AF681C627D7A32100D482B7 /* Assets.xcassets in Resources */,
				3AF681C127D7A31E00D482B7 /* Main.storyboard in Resources */,
			);
			runOnlyForDeploymentPostprocessing = 0;
		};
/* End PBXResourcesBuildPhase section */

/* Begin PBXSourcesBuildPhase section */
		3AF681B227D7A31E00D482B7 /* Sources */ = {
			isa = PBXSourcesBuildPhase;
			buildActionMask = 2147483647;
			files = (
				3AFC2FE227DFAC6800FE1582 /* ListadoEpisodiosWireframe.swift in Sources */,
				3AF681BE27D7A31E00D482B7 /* ViewController.swift in Sources */,
				3AFC2FE527DFAD4700FE1582 /* EpisodiosDetalleControllerBuilder.swift in Sources */,
				3A5BB7BD27E0FD6D00B101CB /* InitialControllerBuilder.swift in Sources */,
				3AF681E527D7AB9C00D482B7 /* PostTitle.swift in Sources */,
				3A105E2C27E7590700BD8745 /* EpisodioDetalleContract.swift in Sources */,
				3A5BB7BF27E11C8F00B101CB /* ListadoProviderError.swift in Sources */,
				3AFC2FED27DFAE8D00FE1582 /* EpisodioDetalleViewController.swift in Sources */,
				3A105E2E27E7591B00BD8745 /* EpisodioDetalleBuilder.swift in Sources */,
				3A105E3227E75C0F00BD8745 /* EpisodioDetalleInteractor.swift in Sources */,
				3AF681DE27D7A3CC00D482B7 /* ListadoEpisodiosPresenter.swift in Sources */,
				3A105E3027E75BD800BD8745 /* EpisodioDetallePresenter.swift in Sources */,
				3AFC2FE727DFAD8D00FE1582 /* EpisodioViewModel.swift in Sources */,
				3AF681DC27D7A3B300D482B7 /* ListadoEpisodiosInteractor.swift in Sources */,
				3AF681D527D7A37700D482B7 /* ListadoEpisodiosViewController.swift in Sources */,
				3A5BB7C127E1459A00B101CB /* ListadoEpisodiosLocalProvider.swift in Sources */,
				3A04C58A27E244C900B3BEE7 /* BundleDecodable.swift in Sources */,
				3AFC2FF127DFB9C300FE1582 /* ListadoEpisodiosViewCell.swift in Sources */,
				3AFC2FE027DFABB300FE1582 /* ListadoEpisodiosCellViewModel.swift in Sources */,
				3AFC2FEF27DFB10100FE1582 /* Episodio.swift in Sources */,
				3AF681C427D7A31E00D482B7 /* ProximaParadaSwift.xcdatamodeld in Sources */,
				3AF681BA27D7A31E00D482B7 /* AppDelegate.swift in Sources */,
				3AF681E027D7A40B00D482B7 /* ListadoEpisodiosContract.swift in Sources */,
				3A5BB7C327E145B200B101CB /* ListadoEpisodiosAlamoFireProvider.swift in Sources */,
				3AF681E227D7A99400D482B7 /* ListadoEpisodiosURLSessionProvider.swift in Sources */,
				3AF681D727D7A39500D482B7 /* ListadoEpisodiosBuilder.swift in Sources */,
				3AF681BC27D7A31E00D482B7 /* SceneDelegate.swift in Sources */,
			);
			runOnlyForDeploymentPostprocessing = 0;
		};
/* End PBXSourcesBuildPhase section */

/* Begin PBXVariantGroup section */
		3AF681BF27D7A31E00D482B7 /* Main.storyboard */ = {
			isa = PBXVariantGroup;
			children = (
				3AF681C027D7A31E00D482B7 /* Base */,
			);
			name = Main.storyboard;
			sourceTree = "<group>";
		};
		3AF681C727D7A32100D482B7 /* LaunchScreen.storyboard */ = {
			isa = PBXVariantGroup;
			children = (
				3AF681C827D7A32100D482B7 /* Base */,
			);
			name = LaunchScreen.storyboard;
			sourceTree = "<group>";
		};
/* End PBXVariantGroup section */

/* Begin XCBuildConfiguration section */
		3AF681CB27D7A32100D482B7 /* Debug */ = {
			isa = XCBuildConfiguration;
			buildSettings = {
				ALWAYS_SEARCH_USER_PATHS = NO;
				CLANG_ANALYZER_NONNULL = YES;
				CLANG_ANALYZER_NUMBER_OBJECT_CONVERSION = YES_AGGRESSIVE;
				CLANG_CXX_LANGUAGE_STANDARD = "gnu++17";
				CLANG_CXX_LIBRARY = "libc++";
				CLANG_ENABLE_MODULES = YES;
				CLANG_ENABLE_OBJC_ARC = YES;
				CLANG_ENABLE_OBJC_WEAK = YES;
				CLANG_WARN_BLOCK_CAPTURE_AUTORELEASING = YES;
				CLANG_WARN_BOOL_CONVERSION = YES;
				CLANG_WARN_COMMA = YES;
				CLANG_WARN_CONSTANT_CONVERSION = YES;
				CLANG_WARN_DEPRECATED_OBJC_IMPLEMENTATIONS = YES;
				CLANG_WARN_DIRECT_OBJC_ISA_USAGE = YES_ERROR;
				CLANG_WARN_DOCUMENTATION_COMMENTS = YES;
				CLANG_WARN_EMPTY_BODY = YES;
				CLANG_WARN_ENUM_CONVERSION = YES;
				CLANG_WARN_INFINITE_RECURSION = YES;
				CLANG_WARN_INT_CONVERSION = YES;
				CLANG_WARN_NON_LITERAL_NULL_CONVERSION = YES;
				CLANG_WARN_OBJC_IMPLICIT_RETAIN_SELF = YES;
				CLANG_WARN_OBJC_LITERAL_CONVERSION = YES;
				CLANG_WARN_OBJC_ROOT_CLASS = YES_ERROR;
				CLANG_WARN_QUOTED_INCLUDE_IN_FRAMEWORK_HEADER = YES;
				CLANG_WARN_RANGE_LOOP_ANALYSIS = YES;
				CLANG_WARN_STRICT_PROTOTYPES = YES;
				CLANG_WARN_SUSPICIOUS_MOVE = YES;
				CLANG_WARN_UNGUARDED_AVAILABILITY = YES_AGGRESSIVE;
				CLANG_WARN_UNREACHABLE_CODE = YES;
				CLANG_WARN__DUPLICATE_METHOD_MATCH = YES;
				COPY_PHASE_STRIP = NO;
				DEBUG_INFORMATION_FORMAT = dwarf;
				ENABLE_STRICT_OBJC_MSGSEND = YES;
				ENABLE_TESTABILITY = YES;
				GCC_C_LANGUAGE_STANDARD = gnu11;
				GCC_DYNAMIC_NO_PIC = NO;
				GCC_NO_COMMON_BLOCKS = YES;
				GCC_OPTIMIZATION_LEVEL = 0;
				GCC_PREPROCESSOR_DEFINITIONS = (
					"DEBUG=1",
					"$(inherited)",
				);
				GCC_WARN_64_TO_32_BIT_CONVERSION = YES;
				GCC_WARN_ABOUT_RETURN_TYPE = YES_ERROR;
				GCC_WARN_UNDECLARED_SELECTOR = YES;
				GCC_WARN_UNINITIALIZED_AUTOS = YES_AGGRESSIVE;
				GCC_WARN_UNUSED_FUNCTION = YES;
				GCC_WARN_UNUSED_VARIABLE = YES;
				IPHONEOS_DEPLOYMENT_TARGET = 15.2;
				MTL_ENABLE_DEBUG_INFO = INCLUDE_SOURCE;
				MTL_FAST_MATH = YES;
				ONLY_ACTIVE_ARCH = YES;
				SDKROOT = iphoneos;
				SWIFT_ACTIVE_COMPILATION_CONDITIONS = DEBUG;
				SWIFT_OPTIMIZATION_LEVEL = "-Onone";
			};
			name = Debug;
		};
		3AF681CC27D7A32100D482B7 /* Release */ = {
			isa = XCBuildConfiguration;
			buildSettings = {
				ALWAYS_SEARCH_USER_PATHS = NO;
				CLANG_ANALYZER_NONNULL = YES;
				CLANG_ANALYZER_NUMBER_OBJECT_CONVERSION = YES_AGGRESSIVE;
				CLANG_CXX_LANGUAGE_STANDARD = "gnu++17";
				CLANG_CXX_LIBRARY = "libc++";
				CLANG_ENABLE_MODULES = YES;
				CLANG_ENABLE_OBJC_ARC = YES;
				CLANG_ENABLE_OBJC_WEAK = YES;
				CLANG_WARN_BLOCK_CAPTURE_AUTORELEASING = YES;
				CLANG_WARN_BOOL_CONVERSION = YES;
				CLANG_WARN_COMMA = YES;
				CLANG_WARN_CONSTANT_CONVERSION = YES;
				CLANG_WARN_DEPRECATED_OBJC_IMPLEMENTATIONS = YES;
				CLANG_WARN_DIRECT_OBJC_ISA_USAGE = YES_ERROR;
				CLANG_WARN_DOCUMENTATION_COMMENTS = YES;
				CLANG_WARN_EMPTY_BODY = YES;
				CLANG_WARN_ENUM_CONVERSION = YES;
				CLANG_WARN_INFINITE_RECURSION = YES;
				CLANG_WARN_INT_CONVERSION = YES;
				CLANG_WARN_NON_LITERAL_NULL_CONVERSION = YES;
				CLANG_WARN_OBJC_IMPLICIT_RETAIN_SELF = YES;
				CLANG_WARN_OBJC_LITERAL_CONVERSION = YES;
				CLANG_WARN_OBJC_ROOT_CLASS = YES_ERROR;
				CLANG_WARN_QUOTED_INCLUDE_IN_FRAMEWORK_HEADER = YES;
				CLANG_WARN_RANGE_LOOP_ANALYSIS = YES;
				CLANG_WARN_STRICT_PROTOTYPES = YES;
				CLANG_WARN_SUSPICIOUS_MOVE = YES;
				CLANG_WARN_UNGUARDED_AVAILABILITY = YES_AGGRESSIVE;
				CLANG_WARN_UNREACHABLE_CODE = YES;
				CLANG_WARN__DUPLICATE_METHOD_MATCH = YES;
				COPY_PHASE_STRIP = NO;
				DEBUG_INFORMATION_FORMAT = "dwarf-with-dsym";
				ENABLE_NS_ASSERTIONS = NO;
				ENABLE_STRICT_OBJC_MSGSEND = YES;
				GCC_C_LANGUAGE_STANDARD = gnu11;
				GCC_NO_COMMON_BLOCKS = YES;
				GCC_WARN_64_TO_32_BIT_CONVERSION = YES;
				GCC_WARN_ABOUT_RETURN_TYPE = YES_ERROR;
				GCC_WARN_UNDECLARED_SELECTOR = YES;
				GCC_WARN_UNINITIALIZED_AUTOS = YES_AGGRESSIVE;
				GCC_WARN_UNUSED_FUNCTION = YES;
				GCC_WARN_UNUSED_VARIABLE = YES;
				IPHONEOS_DEPLOYMENT_TARGET = 15.2;
				MTL_ENABLE_DEBUG_INFO = NO;
				MTL_FAST_MATH = YES;
				SDKROOT = iphoneos;
				SWIFT_COMPILATION_MODE = wholemodule;
				SWIFT_OPTIMIZATION_LEVEL = "-O";
				VALIDATE_PRODUCT = YES;
			};
			name = Release;
		};
		3AF681CE27D7A32100D482B7 /* Debug */ = {
			isa = XCBuildConfiguration;
			buildSettings = {
				ASSETCATALOG_COMPILER_APPICON_NAME = AppIcon;
				ASSETCATALOG_COMPILER_GLOBAL_ACCENT_COLOR_NAME = AccentColor;
				CODE_SIGN_STYLE = Automatic;
				CURRENT_PROJECT_VERSION = 1;
				DEVELOPMENT_TEAM = 6SPUJN2479;
				GENERATE_INFOPLIST_FILE = YES;
				INFOPLIST_FILE = ProximaParadaSwift/Info.plist;
				INFOPLIST_KEY_UIApplicationSupportsIndirectInputEvents = YES;
				INFOPLIST_KEY_UILaunchStoryboardName = LaunchScreen;
				INFOPLIST_KEY_UIMainStoryboardFile = ListadoEpisodiosViewController;
				INFOPLIST_KEY_UISupportedInterfaceOrientations = "";
				INFOPLIST_KEY_UISupportedInterfaceOrientations_iPad = "UIInterfaceOrientationPortrait UIInterfaceOrientationPortraitUpsideDown UIInterfaceOrientationLandscapeLeft UIInterfaceOrientationLandscapeRight";
				INFOPLIST_KEY_UISupportedInterfaceOrientations_iPhone = "UIInterfaceOrientationPortrait UIInterfaceOrientationLandscapeLeft UIInterfaceOrientationLandscapeRight";
				LD_RUNPATH_SEARCH_PATHS = (
					"$(inherited)",
					"@executable_path/Frameworks",
				);
				MARKETING_VERSION = 1.0;
				PRODUCT_BUNDLE_IDENTIFIER = adrian.ProximaParadaSwift;
				PRODUCT_NAME = "$(TARGET_NAME)";
				SWIFT_EMIT_LOC_STRINGS = YES;
				SWIFT_VERSION = 5.0;
				TARGETED_DEVICE_FAMILY = 1;
			};
			name = Debug;
		};
		3AF681CF27D7A32100D482B7 /* Release */ = {
			isa = XCBuildConfiguration;
			buildSettings = {
				ASSETCATALOG_COMPILER_APPICON_NAME = AppIcon;
				ASSETCATALOG_COMPILER_GLOBAL_ACCENT_COLOR_NAME = AccentColor;
				CODE_SIGN_STYLE = Automatic;
				CURRENT_PROJECT_VERSION = 1;
				DEVELOPMENT_TEAM = 6SPUJN2479;
				GENERATE_INFOPLIST_FILE = YES;
				INFOPLIST_FILE = ProximaParadaSwift/Info.plist;
				INFOPLIST_KEY_UIApplicationSupportsIndirectInputEvents = YES;
				INFOPLIST_KEY_UILaunchStoryboardName = LaunchScreen;
				INFOPLIST_KEY_UIMainStoryboardFile = ListadoEpisodiosViewController;
				INFOPLIST_KEY_UISupportedInterfaceOrientations = "";
				INFOPLIST_KEY_UISupportedInterfaceOrientations_iPad = "UIInterfaceOrientationPortrait UIInterfaceOrientationPortraitUpsideDown UIInterfaceOrientationLandscapeLeft UIInterfaceOrientationLandscapeRight";
				INFOPLIST_KEY_UISupportedInterfaceOrientations_iPhone = "UIInterfaceOrientationPortrait UIInterfaceOrientationLandscapeLeft UIInterfaceOrientationLandscapeRight";
				LD_RUNPATH_SEARCH_PATHS = (
					"$(inherited)",
					"@executable_path/Frameworks",
				);
				MARKETING_VERSION = 1.0;
				PRODUCT_BUNDLE_IDENTIFIER = adrian.ProximaParadaSwift;
				PRODUCT_NAME = "$(TARGET_NAME)";
				SWIFT_EMIT_LOC_STRINGS = YES;
				SWIFT_VERSION = 5.0;
				TARGETED_DEVICE_FAMILY = 1;
			};
			name = Release;
		};
/* End XCBuildConfiguration section */

/* Begin XCConfigurationList section */
		3AF681B127D7A31E00D482B7 /* Build configuration list for PBXProject "ProximaParadaSwift" */ = {
			isa = XCConfigurationList;
			buildConfigurations = (
				3AF681CB27D7A32100D482B7 /* Debug */,
				3AF681CC27D7A32100D482B7 /* Release */,
			);
			defaultConfigurationIsVisible = 0;
			defaultConfigurationName = Release;
		};
		3AF681CD27D7A32100D482B7 /* Build configuration list for PBXNativeTarget "ProximaParadaSwift" */ = {
			isa = XCConfigurationList;
			buildConfigurations = (
				3AF681CE27D7A32100D482B7 /* Debug */,
				3AF681CF27D7A32100D482B7 /* Release */,
			);
			defaultConfigurationIsVisible = 0;
			defaultConfigurationName = Release;
		};
/* End XCConfigurationList section */

/* Begin XCVersionGroup section */
		3AF681C227D7A31E00D482B7 /* ProximaParadaSwift.xcdatamodeld */ = {
			isa = XCVersionGroup;
			children = (
				3AF681C327D7A31E00D482B7 /* ProximaParadaSwift.xcdatamodel */,
			);
			currentVersion = 3AF681C327D7A31E00D482B7 /* ProximaParadaSwift.xcdatamodel */;
			path = ProximaParadaSwift.xcdatamodeld;
			sourceTree = "<group>";
			versionGroupType = wrapper.xcdatamodel;
		};
/* End XCVersionGroup section */
	};
	rootObject = 3AF681AE27D7A31E00D482B7 /* Project object */;
}
